
Microsoft Visual Studio Solution File, Format Version 12.00
# Visual Studio Version 16
VisualStudioVersion = 16.0.30717.126
MinimumVisualStudioVersion = 10.0.40219.1
Project("{8BC9CEB8-8B4A-11D0-8D11-00A0C91BC942}") = "Segf A2", "Segf A2\Segf A2.vcxproj", "{42970DAA-E161-48E2-9C8A-3A865A2756A2}"
EndProject
Project("{8BC9CEB8-8B4A-11D0-8D11-00A0C91BC942}") = "UnitTest1", "UnitTest1\UnitTest1.vcxproj", "{D419BD72-B1C4-49CE-A2A2-CA7F435E19CD}"
EndProject
Global
	GlobalSection(SolutionConfigurationPlatforms) = preSolution
		Debug|x64 = Debug|x64
		Debug|x86 = Debug|x86
		Release|x64 = Release|x64
		Release|x86 = Release|x86
	EndGlobalSection
	GlobalSection(ProjectConfigurationPlatforms) = postSolution
		{42970DAA-E161-48E2-9C8A-3A865A2756A2}.Debug|x64.ActiveCfg = Debug|x64
		{42970DAA-E161-48E2-9C8A-3A865A2756A2}.Debug|x64.Build.0 = Debug|x64
		{42970DAA-E161-48E2-9C8A-3A865A2756A2}.Debug|x86.ActiveCfg = Debug|Win32
		{42970DAA-E161-48E2-9C8A-3A865A2756A2}.Debug|x86.Build.0 = Debug|Win32
		{42970DAA-E161-48E2-9C8A-3A865A2756A2}.Release|x64.ActiveCfg = Release|x64
		{42970DAA-E161-48E2-9C8A-3A865A2756A2}.Release|x64.Build.0 = Release|x64
		{42970DAA-E161-48E2-9C8A-3A865A2756A2}.Release|x86.ActiveCfg = Release|Win32
		{42970DAA-E161-48E2-9C8A-3A865A2756A2}.Release|x86.Build.0 = Release|Win32
		{D419BD72-B1C4-49CE-A2A2-CA7F435E19CD}.Debug|x64.ActiveCfg = Debug|x64
		{D419BD72-B1C4-49CE-A2A2-CA7F435E19CD}.Debug|x64.Build.0 = Debug|x64
		{D419BD72-B1C4-49CE-A2A2-CA7F435E19CD}.Debug|x86.ActiveCfg = Debug|Win32
		{D419BD72-B1C4-49CE-A2A2-CA7F435E19CD}.Debug|x86.Build.0 = Debug|Win32
		{D419BD72-B1C4-49CE-A2A2-CA7F435E19CD}.Release|x64.ActiveCfg = Release|x64
		{D419BD72-B1C4-49CE-A2A2-CA7F435E19CD}.Release|x64.Build.0 = Release|x64
		{D419BD72-B1C4-49CE-A2A2-CA7F435E19CD}.Release|x86.ActiveCfg = Release|Win32
		{D419BD72-B1C4-49CE-A2A2-CA7F435E19CD}.Release|x86.Build.0 = Release|Win32
	EndGlobalSection
	GlobalSection(SolutionProperties) = preSolution
		HideSolutionNode = FALSE
	EndGlobalSection
	GlobalSection(ExtensibilityGlobals) = postSolution
		SolutionGuid = {2B84FBBE-BB26-4BE1-9D17-0E86EC0548D6}
	EndGlobalSection
EndGlobal
